# This file is automatically @generated by Wally.
# It is not intended for manual editing.
registry = "test"

[[package]]
name = "nightcycle/maid"
version = "1.1.4"
dependencies = []

[[package]]
name = "virtualbutfake/vfx-editor"
version = "0.1.0"
dependencies = [["maid", "nightcycle/maid@1.1.4"]]
